{
    "_meta": {
        "hash": {
            "sha256": "139042173b6afdd4d4907539b095a229f551ffcd40dfb96a4a2081e7d7ef06da"
        },
        "pipfile-spec": 6,
        "requires": {
            "python_version": "2.7"
        },
        "sources": [
            {
                "name": "pypi",
                "url": "https://pypi.org/simple",
                "verify_ssl": true
            }
        ]
    },
    "default": {
        "alabaster": {
            "hashes": [
                "sha256:446438bdcca0e05bd45ea2de1668c1d9b032e1a9154c2c259092d77031ddd359",
                "sha256:a661d72d58e6ea8a57f7a86e37d86716863ee5e92788398526d58b26a4e4dc02"
            ],
            "version": "==0.7.12"
        },
        "babel": {
            "hashes": [
                "sha256:af92e6106cb7c55286b25b38ad7695f8b4efb36a90ba483d7f7a6628c46158ab",
                "sha256:e86135ae101e31e2c8ec20a4e0c5220f4eed12487d5cf3f78be7e98d3a57fc28"
            ],
            "version": "==2.7.0"
        },
        "backports.functools-lru-cache": {
            "hashes": [
                "sha256:0bada4c2f8a43d533e4ecb7a12214d9420e66eb206d54bf2d682581ca4b80848",
                "sha256:8fde5f188da2d593bd5bc0be98d9abc46c95bb8a9dde93429570192ee6cc2d4a"
            ],
            "markers": "python_version < '3'",
            "version": "==1.6.1"
        },
        "beautifulsoup4": {
            "hashes": [
                "sha256:5279c36b4b2ec2cb4298d723791467e3000e5384a43ea0cdf5d45207c7e97169",
                "sha256:6135db2ba678168c07950f9a16c4031822c6f4aec75a65e0a97bc5ca09789931",
                "sha256:dcdef580e18a76d54002088602eba453eec38ebbcafafeaabd8cab12b6155d57"
            ],
            "version": "==4.8.1"
        },
        "cc.engine": {
            "editable": true,
            "path": "python_src/cc.engine"
        },
        "cc.i18n": {
            "editable": true,
            "path": "python_src/cc.i18n"
        },
        "cc.license": {
            "editable": true,
            "path": "python_src/cc.license"
        },
        "cc.licenserdf": {
            "editable": true,
            "path": "python_src/cc.licenserdf"
        },
        "certifi": {
            "hashes": [
                "sha256:017c25db2a153ce562900032d5bc68e9f191e44e9a0f762f373977de9df1fbb3",
                "sha256:25b64c7da4cd7479594d035c08c2d809eb4aab3a26e5a990ea98cc450c320f1f"
            ],
            "version": "==2019.11.28"
        },
        "chardet": {
            "hashes": [
                "sha256:84ab92ed1c4d4f16916e05906b6b75a6c0fb5db821cc65e70cbd64a3e2a5eaae",
                "sha256:fc323ffcaeaed0e0a02bf4d117757b98aed530d9ed4531e3e15460124c106691"
            ],
            "version": "==3.0.4"
        },
        "docutils": {
            "hashes": [
                "sha256:6c4f696463b79f1fb8ba0c594b63840ebd41f059e92b31957c46b74a4599b6d0",
                "sha256:9e4d7ecfc600058e07ba661411a2b7de2fd0fafa17d1a7f7361cd47b1175c827",
                "sha256:a2aeea129088da402665e92e0b25b04b073c04b2dce4ab65caaa38b7ce2e1a99"
            ],
            "version": "==0.15.2"
        },
        "flup": {
            "hashes": [
                "sha256:5eb09f26eb0751f8380d8ac43d1dfb20e1d42eca0fa45ea9289fa532a79cd159",
                "sha256:ca9fd78e1cc0431da1236f73fafd1c01db684675b4d369460d5f5c62e6f0b8d6"
            ],
            "version": "==1.0.3"
        },
        "future": {
            "hashes": [
                "sha256:b1bead90b70cf6ec3f0710ae53a525360fa360d306a86583adc6bf83a4db537d"
            ],
            "index": "pypi",
            "version": "==0.18.2"
        },
        "html5lib": {
            "hashes": [
                "sha256:20b159aa3badc9d5ee8f5c647e5efd02ed2a66ab8d354930bd9ff139fc1dc0a3",
                "sha256:66cb0dcfdbbc4f9c3ba1a63fdb511ffdbd4f513b2b6d81b80cd26ce6b3fb3736"
            ],
            "version": "==1.0.1"
        },
        "idna": {
            "hashes": [
                "sha256:c357b3f628cf53ae2c4c05627ecc484553142ca23264e593d327bcde5e9c3407",
                "sha256:ea8b7f6188e6fa117537c3df7da9fc686d485087abf6ac197f9c46432f7e4a3c"
            ],
            "version": "==2.8"
        },
        "imagesize": {
            "hashes": [
                "sha256:3f349de3eb99145973fefb7dbe38554414e5c30abd0c8e4b970a7c9d09f3a1d8",
                "sha256:f3832918bc3c66617f92e35f5d70729187676313caa60c187eb0f28b8fe5e3b5"
            ],
            "version": "==1.1.0"
        },
        "isodate": {
            "hashes": [
                "sha256:2e364a3d5759479cdb2d37cce6b9376ea504db2ff90252a2e5b7cc89cc9ff2d8",
                "sha256:aa4d33c06640f5352aca96e4b81afd8ab3b47337cc12089822d6f322ac772c81"
            ],
            "version": "==0.6.0"
        },
        "jinja2": {
            "hashes": [
                "sha256:74320bb91f31270f9551d46522e33af46a80c3d619f4a4bf42b3164d30b5911f",
                "sha256:9fe95f19286cfefaa917656583d020be14e7859c6b0252588391e47db34527de"
            ],
            "version": "==2.10.3"
        },
        "lxml": {
            "hashes": [
                "sha256:00ac0d64949fef6b3693813fe636a2d56d97a5a49b5bbb86e4cc4cc50ebc9ea2",
                "sha256:0571e607558665ed42e450d7bf0e2941d542c18e117b1ebbf0ba72f287ad841c",
                "sha256:0e3f04a7615fdac0be5e18b2406529521d6dbdb0167d2a690ee328bef7807487",
                "sha256:13cf89be53348d1c17b453867da68704802966c433b2bb4fa1f970daadd2ef70",
                "sha256:217262fcf6a4c2e1c7cb1efa08bd9ebc432502abc6c255c4abab611e8be0d14d",
                "sha256:223e544828f1955daaf4cefbb4853bc416b2ec3fd56d4f4204a8b17007c21250",
                "sha256:277cb61fede2f95b9c61912fefb3d43fbd5f18bf18a14fae4911b67984486f5d",
                "sha256:3213f753e8ae86c396e0e066866e64c6b04618e85c723b32ecb0909885211f74",
                "sha256:4690984a4dee1033da0af6df0b7a6bde83f74e1c0c870623797cec77964de34d",
                "sha256:4fcc472ef87f45c429d3b923b925704aa581f875d65bac80f8ab0c3296a63f78",
                "sha256:61409bd745a265a742f2693e4600e4dbd45cc1daebe1d5fad6fcb22912d44145",
                "sha256:678f1963f755c5d9f5f6968dded7b245dd1ece8cf53c1aa9d80e6734a8c7f41d",
                "sha256:6c6d03549d4e2734133badb9ab1c05d9f0ef4bcd31d83e5d2b4747c85cfa21da",
                "sha256:6e74d5f4d6ecd6942375c52ffcd35f4318a61a02328f6f1bd79fcb4ffedf969e",
                "sha256:7b4fc7b1ecc987ca7aaf3f4f0e71bbfbd81aaabf87002558f5bc95da3a865bcd",
                "sha256:7ed386a40e172ddf44c061ad74881d8622f791d9af0b6f5be20023029129bc85",
                "sha256:8f54f0924d12c47a382c600c880770b5ebfc96c9fd94cf6f6bdc21caf6163ea7",
                "sha256:ad9b81351fdc236bda538efa6879315448411a81186c836d4b80d6ca8217cdb9",
                "sha256:bbd00e21ea17f7bcc58dccd13869d68441b32899e89cf6cfa90d624a9198ce85",
                "sha256:c3c289762cc09735e2a8f8a49571d0e8b4f57ea831ea11558247b5bdea0ac4db",
                "sha256:cf4650942de5e5685ad308e22bcafbccfe37c54aa7c0e30cd620c2ee5c93d336",
                "sha256:cfcbc33c9c59c93776aa41ab02e55c288a042211708b72fdb518221cc803abc8",
                "sha256:e301055deadfedbd80cf94f2f65ff23126b232b0d1fea28f332ce58137bcdb18",
                "sha256:ebbfe24df7f7b5c6c7620702496b6419f6a9aa2fd7f005eb731cc80d7b4692b9",
                "sha256:eff69ddbf3ad86375c344339371168640951c302450c5d3e9936e98d6459db06",
                "sha256:f6ed60a62c5f1c44e789d2cf14009423cb1646b44a43e40a9cf6a21f077678a1"
            ],
            "version": "==4.4.2"
        },
        "markupsafe": {
            "hashes": [
                "sha256:00bc623926325b26bb9605ae9eae8a215691f33cae5df11ca5424f06f2d1f473",
                "sha256:09027a7803a62ca78792ad89403b1b7a73a01c8cb65909cd876f7fcebd79b161",
                "sha256:09c4b7f37d6c648cb13f9230d847adf22f8171b1ccc4d5682398e77f40309235",
                "sha256:1027c282dad077d0bae18be6794e6b6b8c91d58ed8a8d89a89d59693b9131db5",
                "sha256:24982cc2533820871eba85ba648cd53d8623687ff11cbb805be4ff7b4c971aff",
                "sha256:29872e92839765e546828bb7754a68c418d927cd064fd4708fab9fe9c8bb116b",
                "sha256:43a55c2930bbc139570ac2452adf3d70cdbb3cfe5912c71cdce1c2c6bbd9c5d1",
                "sha256:46c99d2de99945ec5cb54f23c8cd5689f6d7177305ebff350a58ce5f8de1669e",
                "sha256:500d4957e52ddc3351cabf489e79c91c17f6e0899158447047588650b5e69183",
                "sha256:535f6fc4d397c1563d08b88e485c3496cf5784e927af890fb3c3aac7f933ec66",
                "sha256:62fe6c95e3ec8a7fad637b7f3d372c15ec1caa01ab47926cfdf7a75b40e0eac1",
                "sha256:6dd73240d2af64df90aa7c4e7481e23825ea70af4b4922f8ede5b9e35f78a3b1",
                "sha256:717ba8fe3ae9cc0006d7c451f0bb265ee07739daf76355d06366154ee68d221e",
                "sha256:79855e1c5b8da654cf486b830bd42c06e8780cea587384cf6545b7d9ac013a0b",
                "sha256:7c1699dfe0cf8ff607dbdcc1e9b9af1755371f92a68f706051cc8c37d447c905",
                "sha256:88e5fcfb52ee7b911e8bb6d6aa2fd21fbecc674eadd44118a9cc3863f938e735",
                "sha256:8defac2f2ccd6805ebf65f5eeb132adcf2ab57aa11fdf4c0dd5169a004710e7d",
                "sha256:98c7086708b163d425c67c7a91bad6e466bb99d797aa64f965e9d25c12111a5e",
                "sha256:9add70b36c5666a2ed02b43b335fe19002ee5235efd4b8a89bfcf9005bebac0d",
                "sha256:9bf40443012702a1d2070043cb6291650a0841ece432556f784f004937f0f32c",
                "sha256:ade5e387d2ad0d7ebf59146cc00c8044acbd863725f887353a10df825fc8ae21",
                "sha256:b00c1de48212e4cc9603895652c5c410df699856a2853135b3967591e4beebc2",
                "sha256:b1282f8c00509d99fef04d8ba936b156d419be841854fe901d8ae224c59f0be5",
                "sha256:b2051432115498d3562c084a49bba65d97cf251f5a331c64a12ee7e04dacc51b",
                "sha256:ba59edeaa2fc6114428f1637ffff42da1e311e29382d81b339c1817d37ec93c6",
                "sha256:c8716a48d94b06bb3b2524c2b77e055fb313aeb4ea620c8dd03a105574ba704f",
                "sha256:cd5df75523866410809ca100dc9681e301e3c27567cf498077e8551b6d20e42f",
                "sha256:e249096428b3ae81b08327a63a485ad0878de3fb939049038579ac0ef61e17e7"
            ],
            "version": "==1.1.1"
        },
        "nose": {
            "hashes": [
                "sha256:9ff7c6cc443f8c51994b34a667bbcf45afd6d945be7477b52e97516fd17c53ac",
                "sha256:dadcddc0aefbf99eea214e0f1232b94f2fa9bd98fa8353711dacb112bfcbbb2a",
                "sha256:f1bffef9cbc82628f6e7d7b40d7e255aefaa1adb6a1b1d26c69a8b79e6208a98"
            ],
            "version": "==1.3.7"
        },
        "packaging": {
            "hashes": [
                "sha256:28b924174df7a2fa32c1953825ff29c61e2f5e082343165438812f00d3a7fc47",
                "sha256:d9551545c6d761f3def1677baf08ab2a3ca17c56879e70fecba2fc4dde4ed108"
            ],
            "version": "==19.2"
        },
        "paste": {
            "hashes": [
                "sha256:17751a6e0d0e38054ff97e4b6efe9870c09dcb72fbe7630c1a31a6aeb266eebb",
                "sha256:8bdc7f6be907eed7cd63868c79d88af2b87d02d840fb5acfc93d4bda572b1567"
            ],
            "version": "==3.2.3"
        },
        "pastedeploy": {
            "hashes": [
                "sha256:d423fb9d51fdcf853aa4ff43ac7ec469b643ea19590f67488122d6d0d772350a",
                "sha256:fe53697ec2754703096b75d0ba29112b0590b4ce46726fe4f9408fd006e4eefc"
            ],
            "version": "==2.0.1"
        },
        "pastescript": {
            "hashes": [
                "sha256:9b0f5c0f1c6a510a353fa7c3dc4fdaab9071462d60d24573de76a001fbc172ac",
                "sha256:a08970fdcd5fcd92d79c51fe356d7866f13d30e847bd2eed0351f9644236b3b8"
            ],
            "version": "==3.2.0"
        },
        "polib": {
            "hashes": [
                "sha256:93b730477c16380c9a96726c54016822ff81acfa553977fdd131f2b90ba858d7",
                "sha256:fad87d13696127ffb27ea0882d6182f1a9cf8a5e2b37a587751166c51e5a332a"
            ],
            "version": "==1.1.0"
        },
        "poster": {
            "hashes": [
                "sha256:af5bf45da4a916db2b638cffd9e9d6668b33020e2b8ca9f864db79b49331c6ff"
            ],
            "version": "==0.8.1"
        },
        "pygments": {
            "hashes": [
                "sha256:2a3fe295e54a20164a9df49c75fa58526d3be48e14aceba6d6b1e8ac0bfd6f1b",
                "sha256:98c8aa5a9f778fcd1026a17361ddaf7330d1b7c62ae97c3bb0ae73e0b9b6b0fe"
            ],
            "version": "==2.5.2"
        },
        "pyparsing": {
            "hashes": [
                "sha256:20f995ecd72f2a1f4bf6b072b63b22e2eb457836601e76d6e5dfcd75436acc1f",
                "sha256:4ca62001be367f01bd3e92ecbb79070272a9d4964dce6a48a82ff0b8bc7e683a"
            ],
            "version": "==2.4.5"
        },
        "pyrdfa3": {
            "hashes": [
                "sha256:157663a92b87df345b6f69bde235dff5f797891608e12fe1e4fa8dad687131ae",
                "sha256:4da7ed49e8f524b573ed67e4f7bc7f403bff3be00546d7438fe263c924a91ccf"
            ],
            "version": "==3.5.3"
        },
        "python-gettext": {
            "hashes": [
                "sha256:626b501a51ac892fc3460cf550e60dca121f544eaa46eb69c90ce4682fc7ec02"
            ],
            "version": "==4.0"
        },
        "pytz": {
            "hashes": [
                "sha256:1c557d7d0e871de1f5ccd5833f60fb2550652da6be2693c1e02300743d21500d",
                "sha256:b02c06db6cf09c12dd25137e563b31700d3b80fcc4ad23abb7a315f2789819be"
            ],
            "version": "==2019.3"
        },
        "rdfadict": {
            "editable": true,
            "path": "python_src/rdfadict"
        },
        "rdflib": {
            "hashes": [
                "sha256:58d5994610105a457cff7fdfe3d683d87786c5028a45ae032982498a7e913d6f",
                "sha256:da1df14552555c5c7715d8ce71c08f404c988c58a1ecd38552d0da4fc261280d"
            ],
            "version": "==4.2.2"
        },
        "repoze.lru": {
            "hashes": [
                "sha256:0429a75e19380e4ed50c0694e26ac8819b4ea7851ee1fc7583c8572db80aff77",
                "sha256:f77bf0e1096ea445beadd35f3479c5cff2aa1efe604a133e67150bc8630a62ea"
            ],
            "version": "==0.7"
        },
        "requests": {
            "hashes": [
                "sha256:11e007a8a2aa0323f5a921e9e6a2d7e4e67d9877e85773fba9ba6419025cbeb4",
                "sha256:9cf5292fcd0f598c671cfc1e0d7d1a7f13bb8085e9a590f48c010551dc6c4b31"
            ],
            "version": "==2.22.0"
        },
        "routes": {
            "hashes": [
                "sha256:26ee43340fca5a32769ffe0c58edcb396ccce6bc1dfa689ddf844d50877355fd",
                "sha256:d64b8ae22bef127d856afd9266a3e4cfc9e0dda0e120195e38268a95d20de135"
            ],
            "version": "==2.4.1"
        },
        "simplejson": {
            "hashes": [
                "sha256:0fe3994207485efb63d8f10a833ff31236ed27e3b23dadd0bf51c9900313f8f2",
                "sha256:17163e643dbf125bb552de17c826b0161c68c970335d270e174363d19e7ea882",
                "sha256:1d1e929cdd15151f3c0b2efe953b3281b2fd5ad5f234f77aca725f28486466f6",
                "sha256:1ea59f570b9d4916ae5540a9181f9c978e16863383738b69a70363bc5e63c4cb",
                "sha256:22a7acb81968a7c64eba7526af2cf566e7e2ded1cb5c83f0906b17ff1540f866",
                "sha256:2b4b2b738b3b99819a17feaf118265d0753d5536049ea570b3c43b51c4701e81",
                "sha256:4cf91aab51b02b3327c9d51897960c554f00891f9b31abd8a2f50fd4a0071ce8",
                "sha256:7cce4bac7e0d66f3a080b80212c2238e063211fe327f98d764c6acbc214497fc",
                "sha256:8027bd5f1e633eb61b8239994e6fc3aba0346e76294beac22a892eb8faa92ba1",
                "sha256:86afc5b5cbd42d706efd33f280fec7bd7e2772ef54e3f34cf6b30777cd19a614",
                "sha256:87d349517b572964350cc1adc5a31b493bbcee284505e81637d0174b2758ba17",
                "sha256:926bcbef9eb60e798eabda9cd0bbcb0fca70d2779aa0aa56845749d973eb7ad5",
                "sha256:9a126c3a91df5b1403e965ba63b304a50b53d8efc908a8c71545ed72535374a3",
                "sha256:daaf4d11db982791be74b23ff4729af2c7da79316de0bebf880fa2d60bcc8c5a",
                "sha256:fc046afda0ed8f5295212068266c92991ab1f4a50c6a7144b69364bdee4a0159",
                "sha256:fc9051d249dd5512e541f20330a74592f7a65b2d62e18122ca89bf71f94db748"
            ],
            "version": "==3.17.0"
        },
        "six": {
            "hashes": [
                "sha256:1f1b7d42e254082a9db6279deae68afb421ceba6158efa6131de7b3003ee93fd",
                "sha256:30f610279e8b2578cab6db20741130331735c781b56053c59c4076da27f06b66"
            ],
            "version": "==1.13.0"
        },
        "snowballstemmer": {
            "hashes": [
                "sha256:209f257d7533fdb3cb73bdbd24f436239ca3b2fa67d56f6ff88e86be08cc5ef0",
                "sha256:df3bac3df4c2c01363f3dd2cfa78cce2840a79b9f1c2d2de9ce8d31683992f52"
            ],
            "version": "==2.0.0"
        },
        "soupsieve": {
            "hashes": [
                "sha256:bdb0d917b03a1369ce964056fc195cfdff8819c40de04695a80bc813c3cfa1f5",
                "sha256:e2c1c5dee4a1c36bcb790e0fabd5492d874b8ebd4617622c4f6a731701060dda"
            ],
            "version": "==1.9.5"
        },
        "sphinx": {
            "hashes": [
                "sha256:9f3e17c64b34afc653d7c5ec95766e03043cc6d80b0de224f59b6b6e19d37c3c",
                "sha256:c7658aab75c920288a8cf6f09f244c6cfdae30d82d803ac1634d9f223a80ca08"
            ],
            "version": "==1.8.5"
        },
        "sphinxcontrib-websupport": {
            "hashes": [
                "sha256:1501befb0fdf1d1c29a800fdbf4ef5dc5369377300ddbdd16d2cd40e54c6eefc",
                "sha256:e02f717baf02d0b6c3dd62cf81232ffca4c9d5c331e03766982e3ff9f1d2bc3f"
            ],
            "version": "==1.1.2"
        },
        "typing": {
            "hashes": [
                "sha256:91dfe6f3f706ee8cc32d38edbbf304e9b7583fb37108fef38229617f8b3eba23",
                "sha256:c8cabb5ab8945cd2f54917be357d134db9cc1eb039e59d1606dc1e60cb1d9d36",
                "sha256:f38d83c5a7a7086543a0f649564d661859c5146a85775ab90c0d2f93ffaa9714"
            ],
            "markers": "python_version < '3.5'",
            "version": "==3.7.4.1"
        },
        "urllib3": {
            "hashes": [
                "sha256:a8a318824cc77d1fd4b2bec2ded92646630d7fe8619497b142c84a9e6f5a7293",
                "sha256:f3c5fd51747d450d4dcf6f923c81f78f811aab8205fda64b0aba34a4e48b0745"
            ],
            "version": "==1.25.7"
        },
        "waitress": {
            "hashes": [
                "sha256:278e09d6849acc1365404bbf7d790d0423b159802e850c726e8cd0a126a2dac7",
                "sha256:f103e557725b17ae3c62f9e6005cdd85103f8b68fa86cf7c764ba7adc38ca5a2"
            ],
            "version": "==1.3.1"
        },
        "webencodings": {
            "hashes": [
                "sha256:a0af1213f3c2226497a97e2b3aa01a7e4bee4f403f95be16fc9acd2947514a78",
                "sha256:b36a1c245f2d304965eb4e0a82848379241dc04b865afcc4aab16748587e1923"
            ],
            "version": "==0.5.1"
        },
        "webob": {
            "hashes": [
                "sha256:05aaab7975e0ee8af2026325d656e5ce14a71f1883c52276181821d6d5bf7086",
                "sha256:36db8203c67023d68c1b00208a7bf55e3b10de2aa317555740add29c619de12b"
            ],
            "version": "==1.8.5"
        },
        "webtest": {
            "hashes": [
                "sha256:41348efe4323a647a239c31cde84e5e440d726ca4f449859264e538d39037fd0",
                "sha256:f3a603b8f1dd873b9710cd5a7dd0889cf758d7e1c133b1dae971c04f567e566e"
            ],
            "version": "==2.0.33"
        },
        "wsgi-cache": {
            "hashes": [
                "sha256:c9de69e4267bf89cf3448e3e63cd0fd3389d787bc806dfe6453faf8ed773f83e"
            ],
            "version": "==0.2.3"
        },
        "zope.component": {
            "hashes": [
                "sha256:ec2afc5bbe611dcace98bb39822c122d44743d635dafc7315b9aef25097db9e6"
            ],
            "version": "==4.6"
        },
        "zope.deferredimport": {
            "hashes": [
                "sha256:57b2345e7b5eef47efcd4f634ff16c93e4265de3dcf325afc7315ade48d909e1",
                "sha256:9a0c211df44aa95f1c4e6d2626f90b400f56989180d3ef96032d708da3d23e0a"
            ],
            "version": "==4.3.1"
        },
        "zope.deprecation": {
            "hashes": [
                "sha256:0d453338f04bacf91bbfba545d8bcdf529aa829e67b705eac8c1a7fdce66e2df",
                "sha256:f1480b74995958b24ce37b0ef04d3663d2683e5d6debc96726eff18acf4ea113"
            ],
            "version": "==4.4.0"
        },
        "zope.event": {
            "hashes": [
                "sha256:69c27debad9bdacd9ce9b735dad382142281ac770c4a432b533d6d65c4614bcf",
                "sha256:d8e97d165fd5a0997b45f5303ae11ea3338becfe68c401dd88ffd2113fe5cae7"
            ],
            "version": "==4.4"
        },
        "zope.hookable": {
            "hashes": [
                "sha256:0992a0dd692003c09fb958e1480cebd1a28f2ef32faa4857d864f3ca8e9d6952",
                "sha256:0f325838dbac827a1e2ed5d482c1f2656b6844dc96aa098f7727e76395fcd694",
                "sha256:22a317ba00f61bac99eac1a5e330be7cb8c316275a21269ec58aa396b602af0c",
                "sha256:25531cb5e7b35e8a6d1d6eddef624b9a22ce5dcf8f4448ef0f165acfa8c3fc21",
                "sha256:30890892652766fc80d11f078aca9a5b8150bef6b88aba23799581a53515c404",
                "sha256:342d682d93937e5b8c232baffb32a87d5eee605d44f74566657c64a239b7f342",
                "sha256:46b2fddf1f5aeb526e02b91f7e62afbb9fff4ffd7aafc97cdb00a0d717641567",
                "sha256:523318ff96df9b8d378d997c00c5d4cbfbff68dc48ff5ee5addabdb697d27528",
                "sha256:53aa02eb8921d4e667c69d76adeed8fe426e43870c101cb08dcd2f3468aff742",
                "sha256:62e79e8fdde087cb20822d7874758f5acbedbffaf3c0fbe06309eb8a41ee4e06",
                "sha256:74bf2f757f7385b56dc3548adae508d8b3ef952d600b4b12b88f7d1706b05dcc",
                "sha256:751ee9d89eb96e00c1d7048da9725ce392a708ed43406416dc5ed61e4d199764",
                "sha256:7b83bc341e682771fe810b360cd5d9c886a948976aea4b979ff214e10b8b523b",
                "sha256:81eeeb27dbb0ddaed8070daee529f0d1bfe4f74c7351cce2aaca3ea287c4cc32",
                "sha256:856509191e16930335af4d773c0fc31a17bae8991eb6f167a09d5eddf25b56cc",
                "sha256:8853e81fd07b18fa9193b19e070dc0557848d9945b1d2dac3b7782543458c87d",
                "sha256:94506a732da2832029aecdfe6ea07eb1b70ee06d802fff34e1b3618fe7cdf026",
                "sha256:95ad874a8cc94e786969215d660143817f745225579bfe318c4676e218d3147c",
                "sha256:9758ec9174966ffe5c499b6c3d149f80aa0a9238020006a2b87c6af5963fcf48",
                "sha256:a169823e331da939aa7178fc152e65699aeb78957e46c6f80ccb50ee4c3616c2",
                "sha256:a67878a798f6ca292729a28c2226592b3d000dc6ee7825d31887b553686c7ac7",
                "sha256:a9a6d9eb2319a09905670810e2de971d6c49013843700b4975e2fc0afe96c8db",
                "sha256:b3e118b58a3d2301960e6f5f25736d92f6b9f861728d3b8c26d69f54d8a157d2",
                "sha256:ca6705c2a1fb5059a4efbe9f5426be4cdf71b3c9564816916fc7aa7902f19ede",
                "sha256:cf711527c9d4ae72085f137caffb4be74fc007ffb17cd103628c7d5ba17e205f",
                "sha256:d087602a6845ebe9d5a1c5a949fedde2c45f372d77fbce4f7fe44b68b28a1d03",
                "sha256:d1080e1074ddf75ad6662a9b34626650759c19a9093e1a32a503d37e48da135b",
                "sha256:db9c60368aff2b7e6c47115f3ad9bd6e96aa298b12ed5f8cb13f5673b30be565",
                "sha256:dbeb127a04473f5a989169eb400b67beb921c749599b77650941c21fe39cb8d9",
                "sha256:dca336ca3682d869d291d7cd18284f6ff6876e4244eb1821430323056b000e2c",
                "sha256:dd69a9be95346d10c853b6233fcafe3c0315b89424b378f2ad45170d8e161568",
                "sha256:dd79f8fae5894f1ee0a0042214685f2d039341250c994b825c10a4cd075d80f6",
                "sha256:e647d850aa1286d98910133cee12bd87c354f7b7bb3f3cd816a62ba7fa2f7007",
                "sha256:f37a210b5c04b2d4e4bac494ab15b70196f219a1e1649ddca78560757d4278fb",
                "sha256:f67820b6d33a705dc3c1c457156e51686f7b350ff57f2112e1a9a4dad38ec268",
                "sha256:f68969978ccf0e6123902f7365aae5b7a9e99169d4b9105c47cf28e788116894",
                "sha256:f717a0b34460ae1ac0064e91b267c0588ac2c098ffd695992e72cd5462d97a67",
                "sha256:f9d58ccec8684ca276d5a4e7b0dfacca028336300a8f715d616d9f0ce9ae8096",
                "sha256:fcc3513a54e656067cbf7b98bab0d6b9534b9eabc666d1f78aad6acdf0962736"
            ],
            "version": "==5.0.0"
        },
        "zope.i18n": {
            "hashes": [
                "sha256:9fcc1adb4e5f6188769ab36f6f40a59b567bb5eef91f714584e0dfd0891be5d0"
            ],
            "version": "==4.7.0"
        },
        "zope.i18nmessageid": {
            "hashes": [
                "sha256:03318270df5320c57b3416744f9cb2a85160a8d00345c07ac35d2b7ac01ff50c",
                "sha256:073118d220377d1a84f9349bada0a0b6aa47670c1f972ec29e46632cb0a2bb17",
                "sha256:1c5c7b2aeba79619ed92a6178ac80ff37a89929ae8af96ed2e7128ca8f726e17",
                "sha256:2e1e289a412867861807ae12788bded2773fd93ca2029007c40aed43aa1dd0b4",
                "sha256:3b67269471f9a7f7592f3f70e24d544d23c6253132c4ef954f74ae5482ecc607",
                "sha256:3e9403773d007d176cd4c4310a6a835dc51e216d93422092750f82bee7adbd0d",
                "sha256:42aabf67fa53169878ed3991d291f7702db71d5bb15daa175c96291c1dc760a7",
                "sha256:6eeea59ac8c5a80cd5e54bc98ad01b662f9174f3c21094d5acf09ea838f85128",
                "sha256:744c0b727e8db10b931e6432fe6ba89091713c0fe26fd63d77ce94c245e8c460",
                "sha256:7cddc36370dd2db8aeacbb6354a1ba559502b2a7aef3c8eaa14365d6d78e8c6e",
                "sha256:7dd7d9e677c3634a4b6bbcc1d47b1fd6b77540b185e9b55e776156043b002250",
                "sha256:8017fb79165467228bae7a54d2a58909d2539adf2264255bc636685b0c9d4784",
                "sha256:80f821b345cc417df979c28008b383f6361281efa8cdda70f5f23e694e337282",
                "sha256:8c1c916b68af8c52663f2e6de98b493cc2d732c3e9815717830c9f1b581a42d8",
                "sha256:9f0c25d6f2549e610198b49c53e7c7e5b8908b79c936985950105060a6b1ed22",
                "sha256:9fee2d592aef5aad83ffb17a415af7cc60da6959d260edbe4e2abe0bd0c4a5ea",
                "sha256:a29ff7f08577476f020d798e8cec77648c34b587382a2bb2132697d331de8915",
                "sha256:a7c0a955bdc981540f9c2eb4b2c1dd49ecdcd8eb839f445e933077d8a468ba95",
                "sha256:b1bc80b192c0c36f66cb69a336f87ec910a63fc2a178dc67b23e95cdb600f3c7",
                "sha256:b2904f47c92b727e9a77d65ec71463803a4717d11ef56801adda7d8198768e9b",
                "sha256:b3150c395d4d49c0eede4e63807d1be07ff4ac24989e97c627e6c4d2ec1a80ad",
                "sha256:b4800942927881685228ca3ef206790693025d3b071b0156221e60bab503d412",
                "sha256:b7a6f3ddc54cc6c8c4a32b9fced9f89dbac211678bf2ec2eb5195069fa739d31",
                "sha256:b829d3773d28c9f74a8dbb310e20ab247ef593cbdcf7bb62f5fd76525d65a943",
                "sha256:bc9d93cbb83091db45179ca7dbda1a433a049f184a1e8d75417a315630d891e6",
                "sha256:c1f7ed8ff3546a49e679382cce8119085641e93573de428dd67c9122721738c0",
                "sha256:c2f5daf7af0ee051a7dc8e9b27c01b7af942454cbcbfd7aafb02000d882a6b08",
                "sha256:c37e2923068897fca6142969b0b43a50882d5947a2f562ba9c65515d16598843",
                "sha256:c3c4995837a0d36dba9c16527ef00e589468ffcfa2a7eb060b9c4435745ec00b",
                "sha256:c9608e6041307c778f86924f00ae8d2a18b73f43b9fb52d299883bfc1c0791b6",
                "sha256:d51380eafb8c291434d75f032fac33054a1db52a5068405697e4876dcb89bddf",
                "sha256:da20caf1308dfff0e35dec8bfa3e36066bf11a2bcbee9b0334f8ee1e0021b61d",
                "sha256:dae4c6fc1e7e79e165a71999301dc4a26591c2f6385640b3cb89beda96d1632a",
                "sha256:dc6b18b542026f4666247c74ce45cca02212dd6a3d065152d260e64f3cc2e897",
                "sha256:df77ff3dc449ecf0718ea65b2f1f368555c7bf4d922556e302225983d9dc6e83",
                "sha256:e38f09f165ddf43f271edc0f22ae47241ceac1e29d9d5e9e4a522eb10f4783eb",
                "sha256:f8ff18d302aad7a5bc30be54f689a8e4d235942e5cc82f6ec72107b08ace24ca",
                "sha256:ff5e8cd6ffd17b84503e02fb7e5b389784ac96e7e09d6efc5916293813b7d329",
                "sha256:ff80f9402501fe1200230c9a33e7442cbf5bc9419bb877d230ce56671f52f7ad"
            ],
            "version": "==5.0.0"
        },
        "zope.interface": {
            "hashes": [
                "sha256:048b16ac882a05bc7ef534e8b9f15c9d7a6c190e24e8938a19b7617af4ed854a",
                "sha256:05816cf8e7407cf62f2ec95c0a5d69ec4fa5741d9ccd10db9f21691916a9a098",
                "sha256:065d6a1ac89d35445168813bed45048ed4e67a4cdfc5a68fdb626a770378869f",
                "sha256:14157421f4121a57625002cc4f48ac7521ea238d697c4a4459a884b62132b977",
                "sha256:18dc895945694f397a0be86be760ff664b790f95d8e7752d5bab80284ff9105d",
                "sha256:1962c9f838bd6ae4075d0014f72697510daefc7e1c7e48b2607df0b6e157989c",
                "sha256:1a67408cacd198c7e6274a19920bb4568d56459e659e23c4915528686ac1763a",
                "sha256:21bf781076dd616bd07cf0223f79d61ab4f45176076f90bc2890e18c48195da4",
                "sha256:21c0a5d98650aebb84efa16ce2c8df1a46bdc4fe8a9e33237d0ca0b23f416ead",
                "sha256:23cfeea25d1e42ff3bf4f9a0c31e9d5950aa9e7c4b12f0c4bd086f378f7b7a71",
                "sha256:24b6fce1fb71abf9f4093e3259084efcc0ef479f89356757780685bd2b06ef37",
                "sha256:24f84ce24eb6b5fcdcb38ad9761524f1ae96f7126abb5e597f8a3973d9921409",
                "sha256:25e0ef4a824017809d6d8b0ce4ab3288594ba283e4d4f94d8cfb81d73ed65114",
                "sha256:2e8fdd625e9aba31228e7ddbc36bad5c38dc3ee99a86aa420f89a290bd987ce9",
                "sha256:2f3bc2f49b67b1bea82b942d25bc958d4f4ea6709b411cb2b6b9718adf7914ce",
                "sha256:35d24be9d04d50da3a6f4d61de028c1dd087045385a0ff374d93ef85af61b584",
                "sha256:35dbe4e8c73003dff40dfaeb15902910a4360699375e7b47d3c909a83ff27cd0",
                "sha256:3dfce831b824ab5cf446ed0c350b793ac6fa5fe33b984305cb4c966a86a8fb79",
                "sha256:3f7866365df5a36a7b8de8056cd1c605648f56f9a226d918ed84c85d25e8d55f",
                "sha256:455cc8c01de3bac6f9c223967cea41f4449f58b4c2e724ec8177382ddd183ab4",
                "sha256:4bb937e998be9d5e345f486693e477ba79e4344674484001a0b646be1d530487",
                "sha256:52303a20902ca0888dfb83230ca3ee6fbe63c0ad1dd60aa0bba7958ccff454d8",
                "sha256:6e0a897d4e09859cc80c6a16a29697406ead752292ace17f1805126a4f63c838",
                "sha256:6e1816e7c10966330d77af45f77501f9a68818c065dec0ad11d22b50a0e212e7",
                "sha256:73b5921c5c6ce3358c836461b5470bf675601c96d5e5d8f2a446951470614f67",
                "sha256:8093cd45cdb5f6c8591cfd1af03d32b32965b0f79b94684cd0c9afdf841982bb",
                "sha256:864b4a94b60db301899cf373579fd9ef92edddbf0fb2cd5ae99f53ef423ccc56",
                "sha256:8a27b4d3ea9c6d086ce8e7cdb3e8d319b6752e2a03238a388ccc83ccbe165f50",
                "sha256:91b847969d4784abd855165a2d163f72ac1e58e6dce09a5e46c20e58f19cc96d",
                "sha256:b47b1028be4758c3167e474884ccc079b94835f058984b15c145966c4df64d27",
                "sha256:b68814a322835d8ad671b7acc23a3b2acecba527bb14f4b53fc925f8a27e44d8",
                "sha256:bcb50a032c3b6ec7fb281b3a83d2b31ab5246c5b119588725b1350d3a1d9f6a3",
                "sha256:c56db7d10b25ce8918b6aec6b08ac401842b47e6c136773bfb3b590753f7fb67",
                "sha256:c94b77a13d4f47883e4f97f9fa00f5feadd38af3e6b3c7be45cfdb0a14c7149b",
                "sha256:db381f6fdaef483ad435f778086ccc4890120aff8df2ba5cfeeac24d280b3145",
                "sha256:e6487d01c8b7ed86af30ea141fcc4f93f8a7dde26f94177c1ad637c353bd5c07",
                "sha256:e86923fa728dfba39c5bb6046a450bd4eec8ad949ac404eca728cfce320d1732",
                "sha256:f6ca36dc1e9eeb46d779869c60001b3065fb670b5775c51421c099ea2a77c3c9",
                "sha256:fb62f2cbe790a50d95593fb40e8cca261c31a2f5637455ea39440d6457c2ba25"
            ],
            "version": "==4.7.1"
        },
        "zope.proxy": {
            "hashes": [
                "sha256:04646ac04ffa9c8e32fb2b5c3cd42995b2548ea14251f3c21ca704afae88e42c",
                "sha256:07b6bceea232559d24358832f1cd2ed344bbf05ca83855a5b9698b5f23c5ed60",
                "sha256:1ef452cc02e0e2f8e3c917b1a5b936ef3280f2c2ca854ee70ac2164d1655f7e6",
                "sha256:22bf61857c5977f34d4e391476d40f9a3b8c6ab24fb0cac448d42d8f8b9bf7b2",
                "sha256:299870e3428cbff1cd9f9b34144e76ecdc1d9e3192a8cf5f1b0258f47a239f58",
                "sha256:2bfc36bfccbe047671170ea5677efd3d5ab730a55d7e45611d76d495e5b96766",
                "sha256:32e82d5a640febc688c0789e15ea875bf696a10cf358f049e1ed841f01710a9b",
                "sha256:3b2051bdc4bc3f02fa52483f6381cf40d4d48167645241993f9d7ebbd142ed9b",
                "sha256:3f734bd8a08f5185a64fb6abb8f14dc97ec27a689ca808fb7a83cdd38d745e4f",
                "sha256:3f78dd8de3112df8bbd970f0916ac876dc3fbe63810bd1cf7cc5eec4cbac4f04",
                "sha256:4eabeb48508953ba1f3590ad0773b8daea9e104eec66d661917e9bbcd7125a67",
                "sha256:4f05ecc33808187f430f249cb1ccab35c38f570b181f2d380fbe253da94b18d8",
                "sha256:4f4f4cbf23d3afc1526294a31e7b3eaa0f682cc28ac5366065dc1d6bb18bd7be",
                "sha256:5483d5e70aacd06f0aa3effec9fed597c0b50f45060956eeeb1203c44d4338c3",
                "sha256:56a5f9b46892b115a75d0a1f2292431ad5988461175826600acc69a24cb3edee",
                "sha256:64bb63af8a06f736927d260efdd4dfc5253d42244f281a8063e4b9eea2ddcbc5",
                "sha256:653f8cbefcf7c6ac4cece2cdef367c4faa2b7c19795d52bd7cbec11a8739a7c1",
                "sha256:664211d63306e4bd4eec35bf2b4bd9db61c394037911cf2d1804c43b511a49f1",
                "sha256:6651e6caed66a8fff0fef1a3e81c0ed2253bf361c0fdc834500488732c5d16e9",
                "sha256:6c1fba6cdfdf105739d3069cf7b07664f2944d82a8098218ab2300a82d8f40fc",
                "sha256:6e64246e6e9044a4534a69dca1283c6ddab6e757be5e6874f69024329b3aa61f",
                "sha256:838390245c7ec137af4993c0c8052f49d5ec79e422b4451bfa37fee9b9ccaa01",
                "sha256:856b410a14793069d8ba35f33fff667213ea66f2df25a0024cc72a7493c56d4c",
                "sha256:8b932c364c1d1605a91907a41128ed0ee8a2d326fc0fafb2c55cd46f545f4599",
                "sha256:9086cf6d20f08dae7f296a78f6c77d1f8d24079d448f023ee0eb329078dd35e1",
                "sha256:9698533c14afa0548188de4968a7932d1f3f965f3f5ba1474de673596bb875af",
                "sha256:9b12b05dd7c28f5068387c1afee8cb94f9d02501e7ef495a7c5c7e27139b96ad",
                "sha256:a884c7426a5bc6fb7fc71a55ad14e66818e13f05b78b20a6f37175f324b7acb8",
                "sha256:abe9e7f1a3e76286c5f5baf2bf5162d41dc0310da493b34a2c36555f38d928f7",
                "sha256:bd6fde63b015a27262be06bd6bbdd895273cc2bdf2d4c7e1c83711d26a8fbace",
                "sha256:bda7c62c954f47b87ed9a89f525eee1b318ec7c2162dfdba76c2ccfa334e0caa",
                "sha256:be8a4908dd3f6e965993c0068b006bdbd0474fbcbd1da4893b49356e73fc1557",
                "sha256:ced65fc3c7d7205267506d854bb1815bb445899cca9d21d1d4b949070a635546",
                "sha256:dac4279aa05055d3897ab5e5ee5a7b39db121f91df65a530f8b1ac7f9bd93119",
                "sha256:e4f1863056e3e4f399c285b67fa816f411a7bfa1c81ef50e186126164e396e59",
                "sha256:ecd85f68b8cd9ab78a0141e87ea9a53b2f31fd9b1350a1c44da1f7481b5363ef",
                "sha256:ed269b83750413e8fc5c96276372f49ee3fcb7ed61c49fe8e5a67f54459a5a4a",
                "sha256:f19b0b80cba73b204dee68501870b11067711d21d243fb6774256d3ca2e5391f",
                "sha256:ffdafb98db7574f9da84c489a10a5d582079a888cb43c64e9e6b0e3fe1034685"
            ],
            "version": "==4.3.3"
        },
        "zope.schema": {
            "hashes": [
                "sha256:2d971da8707cab47b1916534b9929dcd9d7f23aed790e6b4cbe3103d5b18069d",
                "sha256:511bc62726f19a862a98742f649ff2235b16621cdbeb5f8ea0be9f215a702d9c"
            ],
            "version": "==4.9.3"
        }
    },
    "develop": {}
}
